
Microsoft Visual Studio Solution File, Format Version 12.00
# Visual Studio Version 17
VisualStudioVersion = 17.11.35222.181
MinimumVisualStudioVersion = 10.0.40219.1
Project("{FAE04EC0-301F-11D3-BF4B-00C04F79EFBC}") = "DAL", "DAL\DAL.csproj", "{94D5F9E6-26D7-44D5-B524-6021C27D54A9}"
EndProject
Project("{FAE04EC0-301F-11D3-BF4B-00C04F79EFBC}") = "BLL", "BLL\BLL.csproj", "{EBD66497-26DC-4B08-8C3C-3BF77EB9B993}"
EndProject
Project("{FAE04EC0-301F-11D3-BF4B-00C04F79EFBC}") = "Northwind WinUI", "Northwind WinUI\Northwind WinUI.csproj", "{B257B091-3DC8-4DCB-B615-73FB9447AADF}"
EndProject
Global
	GlobalSection(SolutionConfigurationPlatforms) = preSolution
		Debug|Any CPU = Debug|Any CPU
		Release|Any CPU = Release|Any CPU
	EndGlobalSection
	GlobalSection(ProjectConfigurationPlatforms) = postSolution
		{94D5F9E6-26D7-44D5-B524-6021C27D54A9}.Debug|Any CPU.ActiveCfg = Debug|Any CPU
		{94D5F9E6-26D7-44D5-B524-6021C27D54A9}.Debug|Any CPU.Build.0 = Debug|Any CPU
		{94D5F9E6-26D7-44D5-B524-6021C27D54A9}.Release|Any CPU.ActiveCfg = Release|Any CPU
		{94D5F9E6-26D7-44D5-B524-6021C27D54A9}.Release|Any CPU.Build.0 = Release|Any CPU
		{EBD66497-26DC-4B08-8C3C-3BF77EB9B993}.Debug|Any CPU.ActiveCfg = Debug|Any CPU
		{EBD66497-26DC-4B08-8C3C-3BF77EB9B993}.Debug|Any CPU.Build.0 = Debug|Any CPU
		{EBD66497-26DC-4B08-8C3C-3BF77EB9B993}.Release|Any CPU.ActiveCfg = Release|Any CPU
		{EBD66497-26DC-4B08-8C3C-3BF77EB9B993}.Release|Any CPU.Build.0 = Release|Any CPU
		{B257B091-3DC8-4DCB-B615-73FB9447AADF}.Debug|Any CPU.ActiveCfg = Debug|Any CPU
		{B257B091-3DC8-4DCB-B615-73FB9447AADF}.Debug|Any CPU.Build.0 = Debug|Any CPU
		{B257B091-3DC8-4DCB-B615-73FB9447AADF}.Release|Any CPU.ActiveCfg = Release|Any CPU
		{B257B091-3DC8-4DCB-B615-73FB9447AADF}.Release|Any CPU.Build.0 = Release|Any CPU
	EndGlobalSection
	GlobalSection(SolutionProperties) = preSolution
		HideSolutionNode = FALSE
	EndGlobalSection
	GlobalSection(ExtensibilityGlobals) = postSolution
		SolutionGuid = {06AA9192-6B37-4168-8CAD-CED92015ABE3}
	EndGlobalSection
EndGlobal
